
Microsoft Visual Studio Solution File, Format Version 12.00
# Visual Studio Version 16
VisualStudioVersion = 16.0.31702.278
MinimumVisualStudioVersion = 10.0.40219.1
Project("{FAE04EC0-301F-11D3-BF4B-00C04F79EFBC}") = "sdworx", "sdworx\sdworx.csproj", "{B75CEF4A-CD00-48D0-8B4B-6AA29E125F75}"
EndProject
Global
	GlobalSection(SolutionConfigurationPlatforms) = preSolution
		Debug|Any CPU = Debug|Any CPU
		Release|Any CPU = Release|Any CPU
	EndGlobalSection
	GlobalSection(ProjectConfigurationPlatforms) = postSolution
		{B75CEF4A-CD00-48D0-8B4B-6AA29E125F75}.Debug|Any CPU.ActiveCfg = Debug|Any CPU
		{B75CEF4A-CD00-48D0-8B4B-6AA29E125F75}.Debug|Any CPU.Build.0 = Debug|Any CPU
		{B75CEF4A-CD00-48D0-8B4B-6AA29E125F75}.Release|Any CPU.ActiveCfg = Release|Any CPU
		{B75CEF4A-CD00-48D0-8B4B-6AA29E125F75}.Release|Any CPU.Build.0 = Release|Any CPU
	EndGlobalSection
	GlobalSection(SolutionProperties) = preSolution
		HideSolutionNode = FALSE
	EndGlobalSection
	GlobalSection(ExtensibilityGlobals) = postSolution
		SolutionGuid = {2FC6F81E-BF52-471B-9ED7-610063D1AC9A}
	EndGlobalSection
EndGlobal
